
Microsoft Visual Studio Solution File, Format Version 12.00
# Visual Studio Version 17
VisualStudioVersion = 17.11.35303.130
MinimumVisualStudioVersion = 10.0.40219.1
Project("{FAE04EC0-301F-11D3-BF4B-00C04F79EFBC}") = "hexchallenge", "hexchallenge.csproj", "{AFD476BE-1ED2-4CB0-A64F-DAC922B2636E}"
EndProject
Global
	GlobalSection(SolutionConfigurationPlatforms) = preSolution
		Debug|Any CPU = Debug|Any CPU
		Release|Any CPU = Release|Any CPU
	EndGlobalSection
	GlobalSection(ProjectConfigurationPlatforms) = postSolution
		{AFD476BE-1ED2-4CB0-A64F-DAC922B2636E}.Debug|Any CPU.ActiveCfg = Debug|Any CPU
		{AFD476BE-1ED2-4CB0-A64F-DAC922B2636E}.Debug|Any CPU.Build.0 = Debug|Any CPU
		{AFD476BE-1ED2-4CB0-A64F-DAC922B2636E}.Release|Any CPU.ActiveCfg = Release|Any CPU
		{AFD476BE-1ED2-4CB0-A64F-DAC922B2636E}.Release|Any CPU.Build.0 = Release|Any CPU
	EndGlobalSection
	GlobalSection(SolutionProperties) = preSolution
		HideSolutionNode = FALSE
	EndGlobalSection
	GlobalSection(ExtensibilityGlobals) = postSolution
		SolutionGuid = {7D31D8E6-7167-4BD6-90E0-5064B9138FF0}
	EndGlobalSection
EndGlobal
